
Microsoft Visual Studio Solution File, Format Version 12.00
# Visual Studio 15
VisualStudioVersion = 15.0.27428.2005
MinimumVisualStudioVersion = 10.0.40219.1
Project("{9A19103F-16F7-4668-BE54-9A1E7A4F7556}") = "lab5_igi", "lab4_igi\lab5_igi.csproj", "{CEED873F-9EAC-40A9-899B-78F53CCC7344}"
EndProject
Global
	GlobalSection(SolutionConfigurationPlatforms) = preSolution
		Debug|Any CPU = Debug|Any CPU
		Release|Any CPU = Release|Any CPU
	EndGlobalSection
	GlobalSection(ProjectConfigurationPlatforms) = postSolution
		{CEED873F-9EAC-40A9-899B-78F53CCC7344}.Debug|Any CPU.ActiveCfg = Debug|Any CPU
		{CEED873F-9EAC-40A9-899B-78F53CCC7344}.Debug|Any CPU.Build.0 = Debug|Any CPU
		{CEED873F-9EAC-40A9-899B-78F53CCC7344}.Release|Any CPU.ActiveCfg = Release|Any CPU
		{CEED873F-9EAC-40A9-899B-78F53CCC7344}.Release|Any CPU.Build.0 = Release|Any CPU
	EndGlobalSection
	GlobalSection(SolutionProperties) = preSolution
		HideSolutionNode = FALSE
	EndGlobalSection
	GlobalSection(ExtensibilityGlobals) = postSolution
		SolutionGuid = {AFF790BA-B2E7-45C2-B9F7-D0170D7BC4D2}
	EndGlobalSection
EndGlobal
